// !$*UTF8*$!
{
	archiveVersion = 1;
	classes = {
	};
	objectVersion = 56;
	objects = {

/* Begin PBXBuildFile section */
		281FBFBC291432FC00D005F0 /* Netlight_UI_MockupApp.swift in Sources */ = {isa = PBXBuildFile; fileRef = 281FBFBB291432FC00D005F0 /* Netlight_UI_MockupApp.swift */; };
		281FBFBE291432FC00D005F0 /* PersonalOverviewView.swift in Sources */ = {isa = PBXBuildFile; fileRef = 281FBFBD291432FC00D005F0 /* PersonalOverviewView.swift */; };
		281FBFC0291432FC00D005F0 /* Assets.xcassets in Resources */ = {isa = PBXBuildFile; fileRef = 281FBFBF291432FC00D005F0 /* Assets.xcassets */; };
		281FBFC3291432FC00D005F0 /* Preview Assets.xcassets in Resources */ = {isa = PBXBuildFile; fileRef = 281FBFC2291432FC00D005F0 /* Preview Assets.xcassets */; };
		281FBFCE29143B7600D005F0 /* ProgressNextTaskView.swift in Sources */ = {isa = PBXBuildFile; fileRef = 281FBFCD29143B7600D005F0 /* ProgressNextTaskView.swift */; };
		281FBFD029143C0600D005F0 /* RecommendedCoursesHorizontalView.swift in Sources */ = {isa = PBXBuildFile; fileRef = 281FBFCF29143C0600D005F0 /* RecommendedCoursesHorizontalView.swift */; };
		281FBFD229143C6C00D005F0 /* CoursesByTagsGridView.swift in Sources */ = {isa = PBXBuildFile; fileRef = 281FBFD129143C6C00D005F0 /* CoursesByTagsGridView.swift */; };
		281FBFD42914753C00D005F0 /* ModelData.swift in Sources */ = {isa = PBXBuildFile; fileRef = 281FBFD32914753C00D005F0 /* ModelData.swift */; };
		281FBFD62914755B00D005F0 /* Course.swift in Sources */ = {isa = PBXBuildFile; fileRef = 281FBFD52914755B00D005F0 /* Course.swift */; };
		281FBFD82914761C00D005F0 /* MockModel.swift in Sources */ = {isa = PBXBuildFile; fileRef = 281FBFD72914761C00D005F0 /* MockModel.swift */; };
		281FBFDD2914785400D005F0 /* CourseRectangleView.swift in Sources */ = {isa = PBXBuildFile; fileRef = 281FBFDC2914785400D005F0 /* CourseRectangleView.swift */; };
		281FBFDF29147B9100D005F0 /* Tags.swift in Sources */ = {isa = PBXBuildFile; fileRef = 281FBFDE29147B9100D005F0 /* Tags.swift */; };
		281FBFE129147CE000D005F0 /* CourseByTagRectangleView.swift in Sources */ = {isa = PBXBuildFile; fileRef = 281FBFE029147CE000D005F0 /* CourseByTagRectangleView.swift */; };
		288A1B31291504C000C10F16 /* JourneyOverviewView.swift in Sources */ = {isa = PBXBuildFile; fileRef = 288A1B30291504C000C10F16 /* JourneyOverviewView.swift */; };
		288A1B332915089000C10F16 /* JourneyEntryView.swift in Sources */ = {isa = PBXBuildFile; fileRef = 288A1B322915089000C10F16 /* JourneyEntryView.swift */; };
		288A1B3529150C0200C10F16 /* CircularProgressView.swift in Sources */ = {isa = PBXBuildFile; fileRef = 288A1B3429150C0200C10F16 /* CircularProgressView.swift */; };
		288A1B3B291518E000C10F16 /* ContentView.swift in Sources */ = {isa = PBXBuildFile; fileRef = 288A1B3A291518DF00C10F16 /* ContentView.swift */; };
/* End PBXBuildFile section */

/* Begin PBXFileReference section */
		281FBFB8291432FC00D005F0 /* Netlight UI Mockup.app */ = {isa = PBXFileReference; explicitFileType = wrapper.application; includeInIndex = 0; path = "Netlight UI Mockup.app"; sourceTree = BUILT_PRODUCTS_DIR; };
		281FBFBB291432FC00D005F0 /* Netlight_UI_MockupApp.swift */ = {isa = PBXFileReference; lastKnownFileType = sourcecode.swift; path = Netlight_UI_MockupApp.swift; sourceTree = "<group>"; };
		281FBFBD291432FC00D005F0 /* PersonalOverviewView.swift */ = {isa = PBXFileReference; lastKnownFileType = sourcecode.swift; path = PersonalOverviewView.swift; sourceTree = "<group>"; };
		281FBFBF291432FC00D005F0 /* Assets.xcassets */ = {isa = PBXFileReference; lastKnownFileType = folder.assetcatalog; path = Assets.xcassets; sourceTree = "<group>"; };
		281FBFC2291432FC00D005F0 /* Preview Assets.xcassets */ = {isa = PBXFileReference; lastKnownFileType = folder.assetcatalog; path = "Preview Assets.xcassets"; sourceTree = "<group>"; };
		281FBFCD29143B7600D005F0 /* ProgressNextTaskView.swift */ = {isa = PBXFileReference; lastKnownFileType = sourcecode.swift; path = ProgressNextTaskView.swift; sourceTree = "<group>"; };
		281FBFCF29143C0600D005F0 /* RecommendedCoursesHorizontalView.swift */ = {isa = PBXFileReference; lastKnownFileType = sourcecode.swift; path = RecommendedCoursesHorizontalView.swift; sourceTree = "<group>"; };
		281FBFD129143C6C00D005F0 /* CoursesByTagsGridView.swift */ = {isa = PBXFileReference; lastKnownFileType = sourcecode.swift; path = CoursesByTagsGridView.swift; sourceTree = "<group>"; };
		281FBFD32914753C00D005F0 /* ModelData.swift */ = {isa = PBXFileReference; lastKnownFileType = sourcecode.swift; path = ModelData.swift; sourceTree = "<group>"; };
		281FBFD52914755B00D005F0 /* Course.swift */ = {isa = PBXFileReference; lastKnownFileType = sourcecode.swift; path = Course.swift; sourceTree = "<group>"; };
		281FBFD72914761C00D005F0 /* MockModel.swift */ = {isa = PBXFileReference; lastKnownFileType = sourcecode.swift; path = MockModel.swift; sourceTree = "<group>"; };
		281FBFDC2914785400D005F0 /* CourseRectangleView.swift */ = {isa = PBXFileReference; lastKnownFileType = sourcecode.swift; path = CourseRectangleView.swift; sourceTree = "<group>"; };
		281FBFDE29147B9100D005F0 /* Tags.swift */ = {isa = PBXFileReference; lastKnownFileType = sourcecode.swift; path = Tags.swift; sourceTree = "<group>"; };
		281FBFE029147CE000D005F0 /* CourseByTagRectangleView.swift */ = {isa = PBXFileReference; lastKnownFileType = sourcecode.swift; path = CourseByTagRectangleView.swift; sourceTree = "<group>"; };
		288A1B30291504C000C10F16 /* JourneyOverviewView.swift */ = {isa = PBXFileReference; lastKnownFileType = sourcecode.swift; path = JourneyOverviewView.swift; sourceTree = "<group>"; };
		288A1B322915089000C10F16 /* JourneyEntryView.swift */ = {isa = PBXFileReference; lastKnownFileType = sourcecode.swift; path = JourneyEntryView.swift; sourceTree = "<group>"; };
		288A1B3429150C0200C10F16 /* CircularProgressView.swift */ = {isa = PBXFileReference; lastKnownFileType = sourcecode.swift; path = CircularProgressView.swift; sourceTree = "<group>"; };
		288A1B3A291518DF00C10F16 /* ContentView.swift */ = {isa = PBXFileReference; lastKnownFileType = sourcecode.swift; path = ContentView.swift; sourceTree = "<group>"; };
/* End PBXFileReference section */

/* Begin PBXFrameworksBuildPhase section */
		281FBFB5291432FC00D005F0 /* Frameworks */ = {
			isa = PBXFrameworksBuildPhase;
			buildActionMask = 2147483647;
			files = (
			);
			runOnlyForDeploymentPostprocessing = 0;
		};
/* End PBXFrameworksBuildPhase section */

/* Begin PBXGroup section */
		281FBFAF291432FC00D005F0 = {
			isa = PBXGroup;
			children = (
				281FBFBA291432FC00D005F0 /* Netlight UI Mockup */,
				281FBFB9291432FC00D005F0 /* Products */,
			);
			sourceTree = "<group>";
		};
		281FBFB9291432FC00D005F0 /* Products */ = {
			isa = PBXGroup;
			children = (
				281FBFB8291432FC00D005F0 /* Netlight UI Mockup.app */,
			);
			name = Products;
			sourceTree = "<group>";
		};
		281FBFBA291432FC00D005F0 /* Netlight UI Mockup */ = {
			isa = PBXGroup;
			children = (
				281FBFBB291432FC00D005F0 /* Netlight_UI_MockupApp.swift */,
				288A1B3A291518DF00C10F16 /* ContentView.swift */,
				288A1B3629150C0C00C10F16 /* GeneralItems */,
				288A1B3929150C6500C10F16 /* PersonalOverview */,
				288A1B2F291504A800C10F16 /* PersonalJourney */,
				281FBFDA2914780C00D005F0 /* RecommendationScoller */,
				281FBFDB2914782300D005F0 /* CoursesByTag */,
				281FBFD9291477CE00D005F0 /* Model */,
				281FBFBF291432FC00D005F0 /* Assets.xcassets */,
				281FBFC1291432FC00D005F0 /* Preview Content */,
			);
			path = "Netlight UI Mockup";
			sourceTree = "<group>";
		};
		281FBFC1291432FC00D005F0 /* Preview Content */ = {
			isa = PBXGroup;
			children = (
				281FBFC2291432FC00D005F0 /* Preview Assets.xcassets */,
			);
			path = "Preview Content";
			sourceTree = "<group>";
		};
		281FBFD9291477CE00D005F0 /* Model */ = {
			isa = PBXGroup;
			children = (
				281FBFD32914753C00D005F0 /* ModelData.swift */,
				281FBFD72914761C00D005F0 /* MockModel.swift */,
				281FBFD52914755B00D005F0 /* Course.swift */,
				281FBFDE29147B9100D005F0 /* Tags.swift */,
			);
			path = Model;
			sourceTree = "<group>";
		};
		281FBFDA2914780C00D005F0 /* RecommendationScoller */ = {
			isa = PBXGroup;
			children = (
				281FBFCF29143C0600D005F0 /* RecommendedCoursesHorizontalView.swift */,
				281FBFDC2914785400D005F0 /* CourseRectangleView.swift */,
			);
			path = RecommendationScoller;
			sourceTree = "<group>";
		};
		281FBFDB2914782300D005F0 /* CoursesByTag */ = {
			isa = PBXGroup;
			children = (
				281FBFD129143C6C00D005F0 /* CoursesByTagsGridView.swift */,
				281FBFE029147CE000D005F0 /* CourseByTagRectangleView.swift */,
			);
			path = CoursesByTag;
			sourceTree = "<group>";
		};
		288A1B2F291504A800C10F16 /* PersonalJourney */ = {
			isa = PBXGroup;
			children = (
				288A1B30291504C000C10F16 /* JourneyOverviewView.swift */,
				288A1B322915089000C10F16 /* JourneyEntryView.swift */,
			);
			path = PersonalJourney;
			sourceTree = "<group>";
		};
		288A1B3629150C0C00C10F16 /* GeneralItems */ = {
			isa = PBXGroup;
			children = (
				288A1B3429150C0200C10F16 /* CircularProgressView.swift */,
			);
			path = GeneralItems;
			sourceTree = "<group>";
		};
		288A1B3929150C6500C10F16 /* PersonalOverview */ = {
			isa = PBXGroup;
			children = (
				281FBFBD291432FC00D005F0 /* PersonalOverviewView.swift */,
				281FBFCD29143B7600D005F0 /* ProgressNextTaskView.swift */,
			);
			path = PersonalOverview;
			sourceTree = "<group>";
		};
/* End PBXGroup section */

/* Begin PBXNativeTarget section */
		281FBFB7291432FC00D005F0 /* Netlight UI Mockup */ = {
			isa = PBXNativeTarget;
			buildConfigurationList = 281FBFC6291432FC00D005F0 /* Build configuration list for PBXNativeTarget "Netlight UI Mockup" */;
			buildPhases = (
				281FBFB4291432FC00D005F0 /* Sources */,
				281FBFB5291432FC00D005F0 /* Frameworks */,
				281FBFB6291432FC00D005F0 /* Resources */,
			);
			buildRules = (
			);
			dependencies = (
			);
			name = "Netlight UI Mockup";
			productName = "Netlight UI Mockup";
			productReference = 281FBFB8291432FC00D005F0 /* Netlight UI Mockup.app */;
			productType = "com.apple.product-type.application";
		};
/* End PBXNativeTarget section */

/* Begin PBXProject section */
		281FBFB0291432FC00D005F0 /* Project object */ = {
			isa = PBXProject;
			attributes = {
				BuildIndependentTargetsInParallel = 1;
				LastSwiftUpdateCheck = 1410;
				LastUpgradeCheck = 1410;
				TargetAttributes = {
					281FBFB7291432FC00D005F0 = {
						CreatedOnToolsVersion = 14.1;
					};
				};
			};
			buildConfigurationList = 281FBFB3291432FC00D005F0 /* Build configuration list for PBXProject "Netlight UI Mockup" */;
			compatibilityVersion = "Xcode 14.0";
			developmentRegion = en;
			hasScannedForEncodings = 0;
			knownRegions = (
				en,
				Base,
			);
			mainGroup = 281FBFAF291432FC00D005F0;
			productRefGroup = 281FBFB9291432FC00D005F0 /* Products */;
			projectDirPath = "";
			projectRoot = "";
			targets = (
				281FBFB7291432FC00D005F0 /* Netlight UI Mockup */,
			);
		};
/* End PBXProject section */

/* Begin PBXResourcesBuildPhase section */
		281FBFB6291432FC00D005F0 /* Resources */ = {
			isa = PBXResourcesBuildPhase;
			buildActionMask = 2147483647;
			files = (
				281FBFC3291432FC00D005F0 /* Preview Assets.xcassets in Resources */,
				281FBFC0291432FC00D005F0 /* Assets.xcassets in Resources */,
			);
			runOnlyForDeploymentPostprocessing = 0;
		};
/* End PBXResourcesBuildPhase section */

/* Begin PBXSourcesBuildPhase section */
		281FBFB4291432FC00D005F0 /* Sources */ = {
			isa = PBXSourcesBuildPhase;
			buildActionMask = 2147483647;
			files = (
				281FBFE129147CE000D005F0 /* CourseByTagRectangleView.swift in Sources */,
				288A1B3529150C0200C10F16 /* CircularProgressView.swift in Sources */,
				281FBFBE291432FC00D005F0 /* PersonalOverviewView.swift in Sources */,
				281FBFD62914755B00D005F0 /* Course.swift in Sources */,
				281FBFCE29143B7600D005F0 /* ProgressNextTaskView.swift in Sources */,
				281FBFBC291432FC00D005F0 /* Netlight_UI_MockupApp.swift in Sources */,
				281FBFD029143C0600D005F0 /* RecommendedCoursesHorizontalView.swift in Sources */,
				281FBFD82914761C00D005F0 /* MockModel.swift in Sources */,
				281FBFD229143C6C00D005F0 /* CoursesByTagsGridView.swift in Sources */,
				281FBFD42914753C00D005F0 /* ModelData.swift in Sources */,
				281FBFDF29147B9100D005F0 /* Tags.swift in Sources */,
				288A1B3B291518E000C10F16 /* ContentView.swift in Sources */,
				288A1B31291504C000C10F16 /* JourneyOverviewView.swift in Sources */,
				281FBFDD2914785400D005F0 /* CourseRectangleView.swift in Sources */,
				288A1B332915089000C10F16 /* JourneyEntryView.swift in Sources */,
			);
			runOnlyForDeploymentPostprocessing = 0;
		};
/* End PBXSourcesBuildPhase section */

/* Begin XCBuildConfiguration section */
		281FBFC4291432FC00D005F0 /* Debug */ = {
			isa = XCBuildConfiguration;
			buildSettings = {
				ALWAYS_SEARCH_USER_PATHS = NO;
				CLANG_ANALYZER_NONNULL = YES;
				CLANG_ANALYZER_NUMBER_OBJECT_CONVERSION = YES_AGGRESSIVE;
				CLANG_CXX_LANGUAGE_STANDARD = "gnu++20";
				CLANG_ENABLE_MODULES = YES;
				CLANG_ENABLE_OBJC_ARC = YES;
				CLANG_ENABLE_OBJC_WEAK = YES;
				CLANG_WARN_BLOCK_CAPTURE_AUTORELEASING = YES;
				CLANG_WARN_BOOL_CONVERSION = YES;
				CLANG_WARN_COMMA = YES;
				CLANG_WARN_CONSTANT_CONVERSION = YES;
				CLANG_WARN_DEPRECATED_OBJC_IMPLEMENTATIONS = YES;
				CLANG_WARN_DIRECT_OBJC_ISA_USAGE = YES_ERROR;
				CLANG_WARN_DOCUMENTATION_COMMENTS = YES;
				CLANG_WARN_EMPTY_BODY = YES;
				CLANG_WARN_ENUM_CONVERSION = YES;
				CLANG_WARN_INFINITE_RECURSION = YES;
				CLANG_WARN_INT_CONVERSION = YES;
				CLANG_WARN_NON_LITERAL_NULL_CONVERSION = YES;
				CLANG_WARN_OBJC_IMPLICIT_RETAIN_SELF = YES;
				CLANG_WARN_OBJC_LITERAL_CONVERSION = YES;
				CLANG_WARN_OBJC_ROOT_CLASS = YES_ERROR;
				CLANG_WARN_QUOTED_INCLUDE_IN_FRAMEWORK_HEADER = YES;
				CLANG_WARN_RANGE_LOOP_ANALYSIS = YES;
				CLANG_WARN_STRICT_PROTOTYPES = YES;
				CLANG_WARN_SUSPICIOUS_MOVE = YES;
				CLANG_WARN_UNGUARDED_AVAILABILITY = YES_AGGRESSIVE;
				CLANG_WARN_UNREACHABLE_CODE = YES;
				CLANG_WARN__DUPLICATE_METHOD_MATCH = YES;
				COPY_PHASE_STRIP = NO;
				DEBUG_INFORMATION_FORMAT = dwarf;
				ENABLE_STRICT_OBJC_MSGSEND = YES;
				ENABLE_TESTABILITY = YES;
				GCC_C_LANGUAGE_STANDARD = gnu11;
				GCC_DYNAMIC_NO_PIC = NO;
				GCC_NO_COMMON_BLOCKS = YES;
				GCC_OPTIMIZATION_LEVEL = 0;
				GCC_PREPROCESSOR_DEFINITIONS = (
					"DEBUG=1",
					"$(inherited)",
				);
				GCC_WARN_64_TO_32_BIT_CONVERSION = YES;
				GCC_WARN_ABOUT_RETURN_TYPE = YES_ERROR;
				GCC_WARN_UNDECLARED_SELECTOR = YES;
				GCC_WARN_UNINITIALIZED_AUTOS = YES_AGGRESSIVE;
				GCC_WARN_UNUSED_FUNCTION = YES;
				GCC_WARN_UNUSED_VARIABLE = YES;
				IPHONEOS_DEPLOYMENT_TARGET = 16.1;
				MTL_ENABLE_DEBUG_INFO = INCLUDE_SOURCE;
				MTL_FAST_MATH = YES;
				ONLY_ACTIVE_ARCH = YES;
				SDKROOT = iphoneos;
				SWIFT_ACTIVE_COMPILATION_CONDITIONS = DEBUG;
				SWIFT_OPTIMIZATION_LEVEL = "-Onone";
			};
			name = Debug;
		};
		281FBFC5291432FC00D005F0 /* Release */ = {
			isa = XCBuildConfiguration;
			buildSettings = {
				ALWAYS_SEARCH_USER_PATHS = NO;
				CLANG_ANALYZER_NONNULL = YES;
				CLANG_ANALYZER_NUMBER_OBJECT_CONVERSION = YES_AGGRESSIVE;
				CLANG_CXX_LANGUAGE_STANDARD = "gnu++20";
				CLANG_ENABLE_MODULES = YES;
				CLANG_ENABLE_OBJC_ARC = YES;
				CLANG_ENABLE_OBJC_WEAK = YES;
				CLANG_WARN_BLOCK_CAPTURE_AUTORELEASING = YES;
				CLANG_WARN_BOOL_CONVERSION = YES;
				CLANG_WARN_COMMA = YES;
				CLANG_WARN_CONSTANT_CONVERSION = YES;
				CLANG_WARN_DEPRECATED_OBJC_IMPLEMENTATIONS = YES;
				CLANG_WARN_DIRECT_OBJC_ISA_USAGE = YES_ERROR;
				CLANG_WARN_DOCUMENTATION_COMMENTS = YES;
				CLANG_WARN_EMPTY_BODY = YES;
				CLANG_WARN_ENUM_CONVERSION = YES;
				CLANG_WARN_INFINITE_RECURSION = YES;
				CLANG_WARN_INT_CONVERSION = YES;
				CLANG_WARN_NON_LITERAL_NULL_CONVERSION = YES;
				CLANG_WARN_OBJC_IMPLICIT_RETAIN_SELF = YES;
				CLANG_WARN_OBJC_LITERAL_CONVERSION = YES;
				CLANG_WARN_OBJC_ROOT_CLASS = YES_ERROR;
				CLANG_WARN_QUOTED_INCLUDE_IN_FRAMEWORK_HEADER = YES;
				CLANG_WARN_RANGE_LOOP_ANALYSIS = YES;
				CLANG_WARN_STRICT_PROTOTYPES = YES;
				CLANG_WARN_SUSPICIOUS_MOVE = YES;
				CLANG_WARN_UNGUARDED_AVAILABILITY = YES_AGGRESSIVE;
				CLANG_WARN_UNREACHABLE_CODE = YES;
				CLANG_WARN__DUPLICATE_METHOD_MATCH = YES;
				COPY_PHASE_STRIP = NO;
				DEBUG_INFORMATION_FORMAT = "dwarf-with-dsym";
				ENABLE_NS_ASSERTIONS = NO;
				ENABLE_STRICT_OBJC_MSGSEND = YES;
				GCC_C_LANGUAGE_STANDARD = gnu11;
				GCC_NO_COMMON_BLOCKS = YES;
				GCC_WARN_64_TO_32_BIT_CONVERSION = YES;
				GCC_WARN_ABOUT_RETURN_TYPE = YES_ERROR;
				GCC_WARN_UNDECLARED_SELECTOR = YES;
				GCC_WARN_UNINITIALIZED_AUTOS = YES_AGGRESSIVE;
				GCC_WARN_UNUSED_FUNCTION = YES;
				GCC_WARN_UNUSED_VARIABLE = YES;
				IPHONEOS_DEPLOYMENT_TARGET = 16.1;
				MTL_ENABLE_DEBUG_INFO = NO;
				MTL_FAST_MATH = YES;
				SDKROOT = iphoneos;
				SWIFT_COMPILATION_MODE = wholemodule;
				SWIFT_OPTIMIZATION_LEVEL = "-O";
				VALIDATE_PRODUCT = YES;
			};
			name = Release;
		};
		281FBFC7291432FC00D005F0 /* Debug */ = {
			isa = XCBuildConfiguration;
			buildSettings = {
				ASSETCATALOG_COMPILER_APPICON_NAME = AppIcon;
				ASSETCATALOG_COMPILER_GLOBAL_ACCENT_COLOR_NAME = AccentColor;
				CODE_SIGN_STYLE = Automatic;
				CURRENT_PROJECT_VERSION = 1;
				DEVELOPMENT_ASSET_PATHS = "\"Netlight UI Mockup/Preview Content\"";
				DEVELOPMENT_TEAM = 73FBSZ4D94;
				ENABLE_PREVIEWS = YES;
				GENERATE_INFOPLIST_FILE = YES;
				INFOPLIST_KEY_UIApplicationSceneManifest_Generation = YES;
				INFOPLIST_KEY_UIApplicationSupportsIndirectInputEvents = YES;
				INFOPLIST_KEY_UILaunchScreen_Generation = YES;
				INFOPLIST_KEY_UISupportedInterfaceOrientations_iPad = "UIInterfaceOrientationPortrait UIInterfaceOrientationPortraitUpsideDown UIInterfaceOrientationLandscapeLeft UIInterfaceOrientationLandscapeRight";
				INFOPLIST_KEY_UISupportedInterfaceOrientations_iPhone = "UIInterfaceOrientationPortrait UIInterfaceOrientationLandscapeLeft UIInterfaceOrientationLandscapeRight";
				LD_RUNPATH_SEARCH_PATHS = (
					"$(inherited)",
					"@executable_path/Frameworks",
				);
				MARKETING_VERSION = 1.0;
				PRODUCT_BUNDLE_IDENTIFIER = "de.jakobkoerber.Netlight-UI-Mockup";
				PRODUCT_NAME = "$(TARGET_NAME)";
				SWIFT_EMIT_LOC_STRINGS = YES;
				SWIFT_VERSION = 5.0;
				TARGETED_DEVICE_FAMILY = "1,2";
			};
			name = Debug;
		};
		281FBFC8291432FC00D005F0 /* Release */ = {
			isa = XCBuildConfiguration;
			buildSettings = {
				ASSETCATALOG_COMPILER_APPICON_NAME = AppIcon;
				ASSETCATALOG_COMPILER_GLOBAL_ACCENT_COLOR_NAME = AccentColor;
				CODE_SIGN_STYLE = Automatic;
				CURRENT_PROJECT_VERSION = 1;
				DEVELOPMENT_ASSET_PATHS = "\"Netlight UI Mockup/Preview Content\"";
				DEVELOPMENT_TEAM = 73FBSZ4D94;
				ENABLE_PREVIEWS = YES;
				GENERATE_INFOPLIST_FILE = YES;
				INFOPLIST_KEY_UIApplicationSceneManifest_Generation = YES;
				INFOPLIST_KEY_UIApplicationSupportsIndirectInputEvents = YES;
				INFOPLIST_KEY_UILaunchScreen_Generation = YES;
				INFOPLIST_KEY_UISupportedInterfaceOrientations_iPad = "UIInterfaceOrientationPortrait UIInterfaceOrientationPortraitUpsideDown UIInterfaceOrientationLandscapeLeft UIInterfaceOrientationLandscapeRight";
				INFOPLIST_KEY_UISupportedInterfaceOrientations_iPhone = "UIInterfaceOrientationPortrait UIInterfaceOrientationLandscapeLeft UIInterfaceOrientationLandscapeRight";
				LD_RUNPATH_SEARCH_PATHS = (
					"$(inherited)",
					"@executable_path/Frameworks",
				);
				MARKETING_VERSION = 1.0;
				PRODUCT_BUNDLE_IDENTIFIER = "de.jakobkoerber.Netlight-UI-Mockup";
				PRODUCT_NAME = "$(TARGET_NAME)";
				SWIFT_EMIT_LOC_STRINGS = YES;
				SWIFT_VERSION = 5.0;
				TARGETED_DEVICE_FAMILY = "1,2";
			};
			name = Release;
		};
/* End XCBuildConfiguration section */

/* Begin XCConfigurationList section */
		281FBFB3291432FC00D005F0 /* Build configuration list for PBXProject "Netlight UI Mockup" */ = {
			isa = XCConfigurationList;
			buildConfigurations = (
				281FBFC4291432FC00D005F0 /* Debug */,
				281FBFC5291432FC00D005F0 /* Release */,
			);
			defaultConfigurationIsVisible = 0;
			defaultConfigurationName = Release;
		};
		281FBFC6291432FC00D005F0 /* Build configuration list for PBXNativeTarget "Netlight UI Mockup" */ = {
			isa = XCConfigurationList;
			buildConfigurations = (
				281FBFC7291432FC00D005F0 /* Debug */,
				281FBFC8291432FC00D005F0 /* Release */,
			);
			defaultConfigurationIsVisible = 0;
			defaultConfigurationName = Release;
		};
/* End XCConfigurationList section */
	};
	rootObject = 281FBFB0291432FC00D005F0 /* Project object */;
}
